// !$*UTF8*$!
{
	archiveVersion = 1;
	classes = {
	};
	objectVersion = 46;
	objects = {

/* Begin PBXBuildFile section */
		4279F40E1F9609FF00924DAC /* AppDelegate.swift in Sources */ = {isa = PBXBuildFile; fileRef = 4279F40D1F9609FF00924DAC /* AppDelegate.swift */; };
		4279F4101F9609FF00924DAC /* ViewController.swift in Sources */ = {isa = PBXBuildFile; fileRef = 4279F40F1F9609FF00924DAC /* ViewController.swift */; };
		4279F4131F9609FF00924DAC /* Main.storyboard in Resources */ = {isa = PBXBuildFile; fileRef = 4279F4111F9609FF00924DAC /* Main.storyboard */; };
		4279F4151F9609FF00924DAC /* Assets.xcassets in Resources */ = {isa = PBXBuildFile; fileRef = 4279F4141F9609FF00924DAC /* Assets.xcassets */; };
		4279F4181F9609FF00924DAC /* LaunchScreen.storyboard in Resources */ = {isa = PBXBuildFile; fileRef = 4279F4161F9609FF00924DAC /* LaunchScreen.storyboard */; };
		4279F4201F960A2900924DAC /* TextViewController.swift in Sources */ = {isa = PBXBuildFile; fileRef = 4279F41F1F960A2900924DAC /* TextViewController.swift */; };
		4280F3751FF0D82B00C31DB7 /* tableViewCellModel.swift in Sources */ = {isa = PBXBuildFile; fileRef = 4280F3721FF0D82A00C31DB7 /* tableViewCellModel.swift */; };
		4280F3761FF0D82B00C31DB7 /* TableViewController.swift in Sources */ = {isa = PBXBuildFile; fileRef = 4280F3731FF0D82A00C31DB7 /* TableViewController.swift */; };
		4280F3771FF0D82B00C31DB7 /* TableViewCell.swift in Sources */ = {isa = PBXBuildFile; fileRef = 4280F3741FF0D82A00C31DB7 /* TableViewCell.swift */; };
		42B10BDE1FECF30500F96F9C /* Constraint.swift in Sources */ = {isa = PBXBuildFile; fileRef = 42B10BBA1FECF30500F96F9C /* Constraint.swift */; };
		42B10BDF1FECF30500F96F9C /* ConstraintAttributes.swift in Sources */ = {isa = PBXBuildFile; fileRef = 42B10BBB1FECF30500F96F9C /* ConstraintAttributes.swift */; };
		42B10BE01FECF30500F96F9C /* ConstraintConfig.swift in Sources */ = {isa = PBXBuildFile; fileRef = 42B10BBC1FECF30500F96F9C /* ConstraintConfig.swift */; };
		42B10BE11FECF30500F96F9C /* ConstraintConstantTarget.swift in Sources */ = {isa = PBXBuildFile; fileRef = 42B10BBD1FECF30500F96F9C /* ConstraintConstantTarget.swift */; };
		42B10BE21FECF30500F96F9C /* ConstraintDescription.swift in Sources */ = {isa = PBXBuildFile; fileRef = 42B10BBE1FECF30500F96F9C /* ConstraintDescription.swift */; };
		42B10BE31FECF30500F96F9C /* ConstraintDSL.swift in Sources */ = {isa = PBXBuildFile; fileRef = 42B10BBF1FECF30500F96F9C /* ConstraintDSL.swift */; };
		42B10BE41FECF30500F96F9C /* ConstraintInsets.swift in Sources */ = {isa = PBXBuildFile; fileRef = 42B10BC01FECF30500F96F9C /* ConstraintInsets.swift */; };
		42B10BE51FECF30500F96F9C /* ConstraintInsetTarget.swift in Sources */ = {isa = PBXBuildFile; fileRef = 42B10BC11FECF30500F96F9C /* ConstraintInsetTarget.swift */; };
		42B10BE61FECF30500F96F9C /* ConstraintItem.swift in Sources */ = {isa = PBXBuildFile; fileRef = 42B10BC21FECF30500F96F9C /* ConstraintItem.swift */; };
		42B10BE71FECF30500F96F9C /* ConstraintLayoutGuide+Extensions.swift in Sources */ = {isa = PBXBuildFile; fileRef = 42B10BC31FECF30500F96F9C /* ConstraintLayoutGuide+Extensions.swift */; };
		42B10BE81FECF30500F96F9C /* ConstraintLayoutGuide.swift in Sources */ = {isa = PBXBuildFile; fileRef = 42B10BC41FECF30500F96F9C /* ConstraintLayoutGuide.swift */; };
		42B10BE91FECF30500F96F9C /* ConstraintLayoutGuideDSL.swift in Sources */ = {isa = PBXBuildFile; fileRef = 42B10BC51FECF30500F96F9C /* ConstraintLayoutGuideDSL.swift */; };
		42B10BEA1FECF30500F96F9C /* ConstraintLayoutSupport.swift in Sources */ = {isa = PBXBuildFile; fileRef = 42B10BC61FECF30500F96F9C /* ConstraintLayoutSupport.swift */; };
		42B10BEB1FECF30500F96F9C /* ConstraintLayoutSupportDSL.swift in Sources */ = {isa = PBXBuildFile; fileRef = 42B10BC71FECF30500F96F9C /* ConstraintLayoutSupportDSL.swift */; };
		42B10BEC1FECF30500F96F9C /* ConstraintMaker.swift in Sources */ = {isa = PBXBuildFile; fileRef = 42B10BC81FECF30500F96F9C /* ConstraintMaker.swift */; };
		42B10BED1FECF30500F96F9C /* ConstraintMakerEditable.swift in Sources */ = {isa = PBXBuildFile; fileRef = 42B10BC91FECF30500F96F9C /* ConstraintMakerEditable.swift */; };
		42B10BEE1FECF30500F96F9C /* ConstraintMakerExtendable.swift in Sources */ = {isa = PBXBuildFile; fileRef = 42B10BCA1FECF30500F96F9C /* ConstraintMakerExtendable.swift */; };
		42B10BEF1FECF30500F96F9C /* ConstraintMakerFinalizable.swift in Sources */ = {isa = PBXBuildFile; fileRef = 42B10BCB1FECF30500F96F9C /* ConstraintMakerFinalizable.swift */; };
		42B10BF01FECF30500F96F9C /* ConstraintMakerPriortizable.swift in Sources */ = {isa = PBXBuildFile; fileRef = 42B10BCC1FECF30500F96F9C /* ConstraintMakerPriortizable.swift */; };
		42B10BF11FECF30500F96F9C /* ConstraintMakerRelatable.swift in Sources */ = {isa = PBXBuildFile; fileRef = 42B10BCD1FECF30500F96F9C /* ConstraintMakerRelatable.swift */; };
		42B10BF21FECF30500F96F9C /* ConstraintMultiplierTarget.swift in Sources */ = {isa = PBXBuildFile; fileRef = 42B10BCE1FECF30500F96F9C /* ConstraintMultiplierTarget.swift */; };
		42B10BF31FECF30500F96F9C /* ConstraintOffsetTarget.swift in Sources */ = {isa = PBXBuildFile; fileRef = 42B10BCF1FECF30500F96F9C /* ConstraintOffsetTarget.swift */; };
		42B10BF41FECF30500F96F9C /* ConstraintPriority.swift in Sources */ = {isa = PBXBuildFile; fileRef = 42B10BD01FECF30500F96F9C /* ConstraintPriority.swift */; };
		42B10BF51FECF30500F96F9C /* ConstraintPriorityTarget.swift in Sources */ = {isa = PBXBuildFile; fileRef = 42B10BD11FECF30500F96F9C /* ConstraintPriorityTarget.swift */; };
		42B10BF61FECF30500F96F9C /* ConstraintRelatableTarget.swift in Sources */ = {isa = PBXBuildFile; fileRef = 42B10BD21FECF30500F96F9C /* ConstraintRelatableTarget.swift */; };
		42B10BF71FECF30500F96F9C /* ConstraintRelation.swift in Sources */ = {isa = PBXBuildFile; fileRef = 42B10BD31FECF30500F96F9C /* ConstraintRelation.swift */; };
		42B10BF81FECF30500F96F9C /* ConstraintView+Extensions.swift in Sources */ = {isa = PBXBuildFile; fileRef = 42B10BD41FECF30500F96F9C /* ConstraintView+Extensions.swift */; };
		42B10BF91FECF30500F96F9C /* ConstraintView.swift in Sources */ = {isa = PBXBuildFile; fileRef = 42B10BD51FECF30500F96F9C /* ConstraintView.swift */; };
		42B10BFA1FECF30500F96F9C /* ConstraintViewDSL.swift in Sources */ = {isa = PBXBuildFile; fileRef = 42B10BD61FECF30500F96F9C /* ConstraintViewDSL.swift */; };
		42B10BFB1FECF30500F96F9C /* Debugging.swift in Sources */ = {isa = PBXBuildFile; fileRef = 42B10BD71FECF30500F96F9C /* Debugging.swift */; };
		42B10BFC1FECF30500F96F9C /* Info.plist in Resources */ = {isa = PBXBuildFile; fileRef = 42B10BD81FECF30500F96F9C /* Info.plist */; };
		42B10BFD1FECF30500F96F9C /* LayoutConstraint.swift in Sources */ = {isa = PBXBuildFile; fileRef = 42B10BD91FECF30500F96F9C /* LayoutConstraint.swift */; };
		42B10BFE1FECF30500F96F9C /* LayoutConstraintItem.swift in Sources */ = {isa = PBXBuildFile; fileRef = 42B10BDA1FECF30500F96F9C /* LayoutConstraintItem.swift */; };
		42B10BFF1FECF30500F96F9C /* Typealiases.swift in Sources */ = {isa = PBXBuildFile; fileRef = 42B10BDC1FECF30500F96F9C /* Typealiases.swift */; };
		42B10C001FECF30500F96F9C /* UILayoutSupport+Extensions.swift in Sources */ = {isa = PBXBuildFile; fileRef = 42B10BDD1FECF30500F96F9C /* UILayoutSupport+Extensions.swift */; };
/* End PBXBuildFile section */

/* Begin PBXFileReference section */
		4279F40A1F9609FF00924DAC /* delegate-block.app */ = {isa = PBXFileReference; explicitFileType = wrapper.application; includeInIndex = 0; path = "delegate-block.app"; sourceTree = BUILT_PRODUCTS_DIR; };
		4279F40D1F9609FF00924DAC /* AppDelegate.swift */ = {isa = PBXFileReference; lastKnownFileType = sourcecode.swift; path = AppDelegate.swift; sourceTree = "<group>"; };
		4279F40F1F9609FF00924DAC /* ViewController.swift */ = {isa = PBXFileReference; lastKnownFileType = sourcecode.swift; path = ViewController.swift; sourceTree = "<group>"; };
		4279F4121F9609FF00924DAC /* Base */ = {isa = PBXFileReference; lastKnownFileType = file.storyboard; name = Base; path = Base.lproj/Main.storyboard; sourceTree = "<group>"; };
		4279F4141F9609FF00924DAC /* Assets.xcassets */ = {isa = PBXFileReference; lastKnownFileType = folder.assetcatalog; path = Assets.xcassets; sourceTree = "<group>"; };
		4279F4171F9609FF00924DAC /* Base */ = {isa = PBXFileReference; lastKnownFileType = file.storyboard; name = Base; path = Base.lproj/LaunchScreen.storyboard; sourceTree = "<group>"; };
		4279F4191F9609FF00924DAC /* Info.plist */ = {isa = PBXFileReference; lastKnownFileType = text.plist.xml; path = Info.plist; sourceTree = "<group>"; };
		4279F41F1F960A2900924DAC /* TextViewController.swift */ = {isa = PBXFileReference; fileEncoding = 4; lastKnownFileType = sourcecode.swift; path = TextViewController.swift; sourceTree = "<group>"; };
		4280F3721FF0D82A00C31DB7 /* tableViewCellModel.swift */ = {isa = PBXFileReference; fileEncoding = 4; lastKnownFileType = sourcecode.swift; path = tableViewCellModel.swift; sourceTree = "<group>"; };
		4280F3731FF0D82A00C31DB7 /* TableViewController.swift */ = {isa = PBXFileReference; fileEncoding = 4; lastKnownFileType = sourcecode.swift; path = TableViewController.swift; sourceTree = "<group>"; };
		4280F3741FF0D82A00C31DB7 /* TableViewCell.swift */ = {isa = PBXFileReference; fileEncoding = 4; lastKnownFileType = sourcecode.swift; path = TableViewCell.swift; sourceTree = "<group>"; };
		42B10BBA1FECF30500F96F9C /* Constraint.swift */ = {isa = PBXFileReference; fileEncoding = 4; lastKnownFileType = sourcecode.swift; path = Constraint.swift; sourceTree = "<group>"; };
		42B10BBB1FECF30500F96F9C /* ConstraintAttributes.swift */ = {isa = PBXFileReference; fileEncoding = 4; lastKnownFileType = sourcecode.swift; path = ConstraintAttributes.swift; sourceTree = "<group>"; };
		42B10BBC1FECF30500F96F9C /* ConstraintConfig.swift */ = {isa = PBXFileReference; fileEncoding = 4; lastKnownFileType = sourcecode.swift; path = ConstraintConfig.swift; sourceTree = "<group>"; };
		42B10BBD1FECF30500F96F9C /* ConstraintConstantTarget.swift */ = {isa = PBXFileReference; fileEncoding = 4; lastKnownFileType = sourcecode.swift; path = ConstraintConstantTarget.swift; sourceTree = "<group>"; };
		42B10BBE1FECF30500F96F9C /* ConstraintDescription.swift */ = {isa = PBXFileReference; fileEncoding = 4; lastKnownFileType = sourcecode.swift; path = ConstraintDescription.swift; sourceTree = "<group>"; };
		42B10BBF1FECF30500F96F9C /* ConstraintDSL.swift */ = {isa = PBXFileReference; fileEncoding = 4; lastKnownFileType = sourcecode.swift; path = ConstraintDSL.swift; sourceTree = "<group>"; };
		42B10BC01FECF30500F96F9C /* ConstraintInsets.swift */ = {isa = PBXFileReference; fileEncoding = 4; lastKnownFileType = sourcecode.swift; path = ConstraintInsets.swift; sourceTree = "<group>"; };
		42B10BC11FECF30500F96F9C /* ConstraintInsetTarget.swift */ = {isa = PBXFileReference; fileEncoding = 4; lastKnownFileType = sourcecode.swift; path = ConstraintInsetTarget.swift; sourceTree = "<group>"; };
		42B10BC21FECF30500F96F9C /* ConstraintItem.swift */ = {isa = PBXFileReference; fileEncoding = 4; lastKnownFileType = sourcecode.swift; path = ConstraintItem.swift; sourceTree = "<group>"; };
		42B10BC31FECF30500F96F9C /* ConstraintLayoutGuide+Extensions.swift */ = {isa = PBXFileReference; fileEncoding = 4; lastKnownFileType = sourcecode.swift; path = "ConstraintLayoutGuide+Extensions.swift"; sourceTree = "<group>"; };
		42B10BC41FECF30500F96F9C /* ConstraintLayoutGuide.swift */ = {isa = PBXFileReference; fileEncoding = 4; lastKnownFileType = sourcecode.swift; path = ConstraintLayoutGuide.swift; sourceTree = "<group>"; };
		42B10BC51FECF30500F96F9C /* ConstraintLayoutGuideDSL.swift */ = {isa = PBXFileReference; fileEncoding = 4; lastKnownFileType = sourcecode.swift; path = ConstraintLayoutGuideDSL.swift; sourceTree = "<group>"; };
		42B10BC61FECF30500F96F9C /* ConstraintLayoutSupport.swift */ = {isa = PBXFileReference; fileEncoding = 4; lastKnownFileType = sourcecode.swift; path = ConstraintLayoutSupport.swift; sourceTree = "<group>"; };
		42B10BC71FECF30500F96F9C /* ConstraintLayoutSupportDSL.swift */ = {isa = PBXFileReference; fileEncoding = 4; lastKnownFileType = sourcecode.swift; path = ConstraintLayoutSupportDSL.swift; sourceTree = "<group>"; };
		42B10BC81FECF30500F96F9C /* ConstraintMaker.swift */ = {isa = PBXFileReference; fileEncoding = 4; lastKnownFileType = sourcecode.swift; path = ConstraintMaker.swift; sourceTree = "<group>"; };
		42B10BC91FECF30500F96F9C /* ConstraintMakerEditable.swift */ = {isa = PBXFileReference; fileEncoding = 4; lastKnownFileType = sourcecode.swift; path = ConstraintMakerEditable.swift; sourceTree = "<group>"; };
		42B10BCA1FECF30500F96F9C /* ConstraintMakerExtendable.swift */ = {isa = PBXFileReference; fileEncoding = 4; lastKnownFileType = sourcecode.swift; path = ConstraintMakerExtendable.swift; sourceTree = "<group>"; };
		42B10BCB1FECF30500F96F9C /* ConstraintMakerFinalizable.swift */ = {isa = PBXFileReference; fileEncoding = 4; lastKnownFileType = sourcecode.swift; path = ConstraintMakerFinalizable.swift; sourceTree = "<group>"; };
		42B10BCC1FECF30500F96F9C /* ConstraintMakerPriortizable.swift */ = {isa = PBXFileReference; fileEncoding = 4; lastKnownFileType = sourcecode.swift; path = ConstraintMakerPriortizable.swift; sourceTree = "<group>"; };
		42B10BCD1FECF30500F96F9C /* ConstraintMakerRelatable.swift */ = {isa = PBXFileReference; fileEncoding = 4; lastKnownFileType = sourcecode.swift; path = ConstraintMakerRelatable.swift; sourceTree = "<group>"; };
		42B10BCE1FECF30500F96F9C /* ConstraintMultiplierTarget.swift */ = {isa = PBXFileReference; fileEncoding = 4; lastKnownFileType = sourcecode.swift; path = ConstraintMultiplierTarget.swift; sourceTree = "<group>"; };
		42B10BCF1FECF30500F96F9C /* ConstraintOffsetTarget.swift */ = {isa = PBXFileReference; fileEncoding = 4; lastKnownFileType = sourcecode.swift; path = ConstraintOffsetTarget.swift; sourceTree = "<group>"; };
		42B10BD01FECF30500F96F9C /* ConstraintPriority.swift */ = {isa = PBXFileReference; fileEncoding = 4; lastKnownFileType = sourcecode.swift; path = ConstraintPriority.swift; sourceTree = "<group>"; };
		42B10BD11FECF30500F96F9C /* ConstraintPriorityTarget.swift */ = {isa = PBXFileReference; fileEncoding = 4; lastKnownFileType = sourcecode.swift; path = ConstraintPriorityTarget.swift; sourceTree = "<group>"; };
		42B10BD21FECF30500F96F9C /* ConstraintRelatableTarget.swift */ = {isa = PBXFileReference; fileEncoding = 4; lastKnownFileType = sourcecode.swift; path = ConstraintRelatableTarget.swift; sourceTree = "<group>"; };
		42B10BD31FECF30500F96F9C /* ConstraintRelation.swift */ = {isa = PBXFileReference; fileEncoding = 4; lastKnownFileType = sourcecode.swift; path = ConstraintRelation.swift; sourceTree = "<group>"; };
		42B10BD41FECF30500F96F9C /* ConstraintView+Extensions.swift */ = {isa = PBXFileReference; fileEncoding = 4; lastKnownFileType = sourcecode.swift; path = "ConstraintView+Extensions.swift"; sourceTree = "<group>"; };
		42B10BD51FECF30500F96F9C /* ConstraintView.swift */ = {isa = PBXFileReference; fileEncoding = 4; lastKnownFileType = sourcecode.swift; path = ConstraintView.swift; sourceTree = "<group>"; };
		42B10BD61FECF30500F96F9C /* ConstraintViewDSL.swift */ = {isa = PBXFileReference; fileEncoding = 4; lastKnownFileType = sourcecode.swift; path = ConstraintViewDSL.swift; sourceTree = "<group>"; };
		42B10BD71FECF30500F96F9C /* Debugging.swift */ = {isa = PBXFileReference; fileEncoding = 4; lastKnownFileType = sourcecode.swift; path = Debugging.swift; sourceTree = "<group>"; };
		42B10BD81FECF30500F96F9C /* Info.plist */ = {isa = PBXFileReference; fileEncoding = 4; lastKnownFileType = text.plist.xml; path = Info.plist; sourceTree = "<group>"; };
		42B10BD91FECF30500F96F9C /* LayoutConstraint.swift */ = {isa = PBXFileReference; fileEncoding = 4; lastKnownFileType = sourcecode.swift; path = LayoutConstraint.swift; sourceTree = "<group>"; };
		42B10BDA1FECF30500F96F9C /* LayoutConstraintItem.swift */ = {isa = PBXFileReference; fileEncoding = 4; lastKnownFileType = sourcecode.swift; path = LayoutConstraintItem.swift; sourceTree = "<group>"; };
		42B10BDB1FECF30500F96F9C /* SnapKit.h */ = {isa = PBXFileReference; fileEncoding = 4; lastKnownFileType = sourcecode.c.h; path = SnapKit.h; sourceTree = "<group>"; };
		42B10BDC1FECF30500F96F9C /* Typealiases.swift */ = {isa = PBXFileReference; fileEncoding = 4; lastKnownFileType = sourcecode.swift; path = Typealiases.swift; sourceTree = "<group>"; };
		42B10BDD1FECF30500F96F9C /* UILayoutSupport+Extensions.swift */ = {isa = PBXFileReference; fileEncoding = 4; lastKnownFileType = sourcecode.swift; path = "UILayoutSupport+Extensions.swift"; sourceTree = "<group>"; };
/* End PBXFileReference section */

/* Begin PBXFrameworksBuildPhase section */
		4279F4071F9609FF00924DAC /* Frameworks */ = {
			isa = PBXFrameworksBuildPhase;
			buildActionMask = 2147483647;
			files = (
			);
			runOnlyForDeploymentPostprocessing = 0;
		};
/* End PBXFrameworksBuildPhase section */

/* Begin PBXGroup section */
		4279F4011F9609FF00924DAC = {
			isa = PBXGroup;
			children = (
				4279F40C1F9609FF00924DAC /* delegate-block */,
				4279F40B1F9609FF00924DAC /* Products */,
			);
			sourceTree = "<group>";
		};
		4279F40B1F9609FF00924DAC /* Products */ = {
			isa = PBXGroup;
			children = (
				4279F40A1F9609FF00924DAC /* delegate-block.app */,
			);
			name = Products;
			sourceTree = "<group>";
		};
		4279F40C1F9609FF00924DAC /* delegate-block */ = {
			isa = PBXGroup;
			children = (
				42B10BB91FECF30500F96F9C /* Source */,
				4279F40D1F9609FF00924DAC /* AppDelegate.swift */,
				4279F40F1F9609FF00924DAC /* ViewController.swift */,
				4279F41F1F960A2900924DAC /* TextViewController.swift */,
				4280F3741FF0D82A00C31DB7 /* TableViewCell.swift */,
				4280F3721FF0D82A00C31DB7 /* tableViewCellModel.swift */,
				4280F3731FF0D82A00C31DB7 /* TableViewController.swift */,
				4279F4111F9609FF00924DAC /* Main.storyboard */,
				4279F4141F9609FF00924DAC /* Assets.xcassets */,
				4279F4161F9609FF00924DAC /* LaunchScreen.storyboard */,
				4279F4191F9609FF00924DAC /* Info.plist */,
			);
			path = "delegate-block";
			sourceTree = "<group>";
		};
		42B10BB91FECF30500F96F9C /* Source */ = {
			isa = PBXGroup;
			children = (
				42B10BBA1FECF30500F96F9C /* Constraint.swift */,
				42B10BBB1FECF30500F96F9C /* ConstraintAttributes.swift */,
				42B10BBC1FECF30500F96F9C /* ConstraintConfig.swift */,
				42B10BBD1FECF30500F96F9C /* ConstraintConstantTarget.swift */,
				42B10BBE1FECF30500F96F9C /* ConstraintDescription.swift */,
				42B10BBF1FECF30500F96F9C /* ConstraintDSL.swift */,
				42B10BC01FECF30500F96F9C /* ConstraintInsets.swift */,
				42B10BC11FECF30500F96F9C /* ConstraintInsetTarget.swift */,
				42B10BC21FECF30500F96F9C /* ConstraintItem.swift */,
				42B10BC31FECF30500F96F9C /* ConstraintLayoutGuide+Extensions.swift */,
				42B10BC41FECF30500F96F9C /* ConstraintLayoutGuide.swift */,
				42B10BC51FECF30500F96F9C /* ConstraintLayoutGuideDSL.swift */,
				42B10BC61FECF30500F96F9C /* ConstraintLayoutSupport.swift */,
				42B10BC71FECF30500F96F9C /* ConstraintLayoutSupportDSL.swift */,
				42B10BC81FECF30500F96F9C /* ConstraintMaker.swift */,
				42B10BC91FECF30500F96F9C /* ConstraintMakerEditable.swift */,
				42B10BCA1FECF30500F96F9C /* ConstraintMakerExtendable.swift */,
				42B10BCB1FECF30500F96F9C /* ConstraintMakerFinalizable.swift */,
				42B10BCC1FECF30500F96F9C /* ConstraintMakerPriortizable.swift */,
				42B10BCD1FECF30500F96F9C /* ConstraintMakerRelatable.swift */,
				42B10BCE1FECF30500F96F9C /* ConstraintMultiplierTarget.swift */,
				42B10BCF1FECF30500F96F9C /* ConstraintOffsetTarget.swift */,
				42B10BD01FECF30500F96F9C /* ConstraintPriority.swift */,
				42B10BD11FECF30500F96F9C /* ConstraintPriorityTarget.swift */,
				42B10BD21FECF30500F96F9C /* ConstraintRelatableTarget.swift */,
				42B10BD31FECF30500F96F9C /* ConstraintRelation.swift */,
				42B10BD41FECF30500F96F9C /* ConstraintView+Extensions.swift */,
				42B10BD51FECF30500F96F9C /* ConstraintView.swift */,
				42B10BD61FECF30500F96F9C /* ConstraintViewDSL.swift */,
				42B10BD71FECF30500F96F9C /* Debugging.swift */,
				42B10BD81FECF30500F96F9C /* Info.plist */,
				42B10BD91FECF30500F96F9C /* LayoutConstraint.swift */,
				42B10BDA1FECF30500F96F9C /* LayoutConstraintItem.swift */,
				42B10BDB1FECF30500F96F9C /* SnapKit.h */,
				42B10BDC1FECF30500F96F9C /* Typealiases.swift */,
				42B10BDD1FECF30500F96F9C /* UILayoutSupport+Extensions.swift */,
			);
			path = Source;
			sourceTree = "<group>";
		};
/* End PBXGroup section */

/* Begin PBXNativeTarget section */
		4279F4091F9609FF00924DAC /* delegate-block */ = {
			isa = PBXNativeTarget;
			buildConfigurationList = 4279F41C1F9609FF00924DAC /* Build configuration list for PBXNativeTarget "delegate-block" */;
			buildPhases = (
				4279F4061F9609FF00924DAC /* Sources */,
				4279F4071F9609FF00924DAC /* Frameworks */,
				4279F4081F9609FF00924DAC /* Resources */,
			);
			buildRules = (
			);
			dependencies = (
			);
			name = "delegate-block";
			productName = "delegate-block";
			productReference = 4279F40A1F9609FF00924DAC /* delegate-block.app */;
			productType = "com.apple.product-type.application";
		};
/* End PBXNativeTarget section */

/* Begin PBXProject section */
		4279F4021F9609FF00924DAC /* Project object */ = {
			isa = PBXProject;
			attributes = {
				LastSwiftUpdateCheck = 0830;
				LastUpgradeCheck = 0830;
				ORGANIZATIONNAME = com.org.shunshiwei;
				TargetAttributes = {
					4279F4091F9609FF00924DAC = {
						CreatedOnToolsVersion = 8.3.2;
						DevelopmentTeam = NBJ4F67S57;
						ProvisioningStyle = Automatic;
					};
				};
			};
			buildConfigurationList = 4279F4051F9609FF00924DAC /* Build configuration list for PBXProject "delegate-block" */;
			compatibilityVersion = "Xcode 3.2";
			developmentRegion = English;
			hasScannedForEncodings = 0;
			knownRegions = (
				en,
				Base,
			);
			mainGroup = 4279F4011F9609FF00924DAC;
			productRefGroup = 4279F40B1F9609FF00924DAC /* Products */;
			projectDirPath = "";
			projectRoot = "";
			targets = (
				4279F4091F9609FF00924DAC /* delegate-block */,
			);
		};
/* End PBXProject section */

/* Begin PBXResourcesBuildPhase section */
		4279F4081F9609FF00924DAC /* Resources */ = {
			isa = PBXResourcesBuildPhase;
			buildActionMask = 2147483647;
			files = (
				42B10BFC1FECF30500F96F9C /* Info.plist in Resources */,
				4279F4181F9609FF00924DAC /* LaunchScreen.storyboard in Resources */,
				4279F4151F9609FF00924DAC /* Assets.xcassets in Resources */,
				4279F4131F9609FF00924DAC /* Main.storyboard in Resources */,
			);
			runOnlyForDeploymentPostprocessing = 0;
		};
/* End PBXResourcesBuildPhase section */

/* Begin PBXSourcesBuildPhase section */
		4279F4061F9609FF00924DAC /* Sources */ = {
			isa = PBXSourcesBuildPhase;
			buildActionMask = 2147483647;
			files = (
				42B10BDF1FECF30500F96F9C /* ConstraintAttributes.swift in Sources */,
				42B10BEC1FECF30500F96F9C /* ConstraintMaker.swift in Sources */,
				42B10BF91FECF30500F96F9C /* ConstraintView.swift in Sources */,
				42B10BE31FECF30500F96F9C /* ConstraintDSL.swift in Sources */,
				42B10BFA1FECF30500F96F9C /* ConstraintViewDSL.swift in Sources */,
				42B10BEB1FECF30500F96F9C /* ConstraintLayoutSupportDSL.swift in Sources */,
				42B10BFF1FECF30500F96F9C /* Typealiases.swift in Sources */,
				42B10BE81FECF30500F96F9C /* ConstraintLayoutGuide.swift in Sources */,
				42B10BFE1FECF30500F96F9C /* LayoutConstraintItem.swift in Sources */,
				42B10BF51FECF30500F96F9C /* ConstraintPriorityTarget.swift in Sources */,
				42B10BFB1FECF30500F96F9C /* Debugging.swift in Sources */,
				42B10BED1FECF30500F96F9C /* ConstraintMakerEditable.swift in Sources */,
				42B10BDE1FECF30500F96F9C /* Constraint.swift in Sources */,
				42B10BE01FECF30500F96F9C /* ConstraintConfig.swift in Sources */,
				42B10BEF1FECF30500F96F9C /* ConstraintMakerFinalizable.swift in Sources */,
				4279F4101F9609FF00924DAC /* ViewController.swift in Sources */,
				42B10BF41FECF30500F96F9C /* ConstraintPriority.swift in Sources */,
				42B10BE41FECF30500F96F9C /* ConstraintInsets.swift in Sources */,
				42B10BEA1FECF30500F96F9C /* ConstraintLayoutSupport.swift in Sources */,
				4279F40E1F9609FF00924DAC /* AppDelegate.swift in Sources */,
				42B10BE11FECF30500F96F9C /* ConstraintConstantTarget.swift in Sources */,
				4279F4201F960A2900924DAC /* TextViewController.swift in Sources */,
				42B10BEE1FECF30500F96F9C /* ConstraintMakerExtendable.swift in Sources */,
				42B10BE21FECF30500F96F9C /* ConstraintDescription.swift in Sources */,
				42B10BF71FECF30500F96F9C /* ConstraintRelation.swift in Sources */,
				4280F3771FF0D82B00C31DB7 /* TableViewCell.swift in Sources */,
				4280F3751FF0D82B00C31DB7 /* tableViewCellModel.swift in Sources */,
				42B10BF81FECF30500F96F9C /* ConstraintView+Extensions.swift in Sources */,
				42B10BE71FECF30500F96F9C /* ConstraintLayoutGuide+Extensions.swift in Sources */,
				4280F3761FF0D82B00C31DB7 /* TableViewController.swift in Sources */,
				42B10C001FECF30500F96F9C /* UILayoutSupport+Extensions.swift in Sources */,
				42B10BF61FECF30500F96F9C /* ConstraintRelatableTarget.swift in Sources */,
				42B10BE51FECF30500F96F9C /* ConstraintInsetTarget.swift in Sources */,
				42B10BF31FECF30500F96F9C /* ConstraintOffsetTarget.swift in Sources */,
				42B10BFD1FECF30500F96F9C /* LayoutConstraint.swift in Sources */,
				42B10BE61FECF30500F96F9C /* ConstraintItem.swift in Sources */,
				42B10BE91FECF30500F96F9C /* ConstraintLayoutGuideDSL.swift in Sources */,
				42B10BF21FECF30500F96F9C /* ConstraintMultiplierTarget.swift in Sources */,
				42B10BF11FECF30500F96F9C /* ConstraintMakerRelatable.swift in Sources */,
				42B10BF01FECF30500F96F9C /* ConstraintMakerPriortizable.swift in Sources */,
			);
			runOnlyForDeploymentPostprocessing = 0;
		};
/* End PBXSourcesBuildPhase section */

/* Begin PBXVariantGroup section */
		4279F4111F9609FF00924DAC /* Main.storyboard */ = {
			isa = PBXVariantGroup;
			children = (
				4279F4121F9609FF00924DAC /* Base */,
			);
			name = Main.storyboard;
			sourceTree = "<group>";
		};
		4279F4161F9609FF00924DAC /* LaunchScreen.storyboard */ = {
			isa = PBXVariantGroup;
			children = (
				4279F4171F9609FF00924DAC /* Base */,
			);
			name = LaunchScreen.storyboard;
			sourceTree = "<group>";
		};
/* End PBXVariantGroup section */

/* Begin XCBuildConfiguration section */
		4279F41A1F9609FF00924DAC /* Debug */ = {
			isa = XCBuildConfiguration;
			buildSettings = {
				ALWAYS_SEARCH_USER_PATHS = NO;
				CLANG_ANALYZER_NONNULL = YES;
				CLANG_ANALYZER_NUMBER_OBJECT_CONVERSION = YES_AGGRESSIVE;
				CLANG_CXX_LANGUAGE_STANDARD = "gnu++0x";
				CLANG_CXX_LIBRARY = "libc++";
				CLANG_ENABLE_MODULES = YES;
				CLANG_ENABLE_OBJC_ARC = YES;
				CLANG_WARN_BOOL_CONVERSION = YES;
				CLANG_WARN_CONSTANT_CONVERSION = YES;
				CLANG_WARN_DIRECT_OBJC_ISA_USAGE = YES_ERROR;
				CLANG_WARN_DOCUMENTATION_COMMENTS = YES;
				CLANG_WARN_EMPTY_BODY = YES;
				CLANG_WARN_ENUM_CONVERSION = YES;
				CLANG_WARN_INFINITE_RECURSION = YES;
				CLANG_WARN_INT_CONVERSION = YES;
				CLANG_WARN_OBJC_ROOT_CLASS = YES_ERROR;
				CLANG_WARN_SUSPICIOUS_MOVE = YES;
				CLANG_WARN_UNREACHABLE_CODE = YES;
				CLANG_WARN__DUPLICATE_METHOD_MATCH = YES;
				"CODE_SIGN_IDENTITY[sdk=iphoneos*]" = "iPhone Developer";
				COPY_PHASE_STRIP = NO;
				DEBUG_INFORMATION_FORMAT = dwarf;
				ENABLE_STRICT_OBJC_MSGSEND = YES;
				ENABLE_TESTABILITY = YES;
				GCC_C_LANGUAGE_STANDARD = gnu99;
				GCC_DYNAMIC_NO_PIC = NO;
				GCC_NO_COMMON_BLOCKS = YES;
				GCC_OPTIMIZATION_LEVEL = 0;
				GCC_PREPROCESSOR_DEFINITIONS = (
					"DEBUG=1",
					"$(inherited)",
				);
				GCC_WARN_64_TO_32_BIT_CONVERSION = YES;
				GCC_WARN_ABOUT_RETURN_TYPE = YES_ERROR;
				GCC_WARN_UNDECLARED_SELECTOR = YES;
				GCC_WARN_UNINITIALIZED_AUTOS = YES_AGGRESSIVE;
				GCC_WARN_UNUSED_FUNCTION = YES;
				GCC_WARN_UNUSED_VARIABLE = YES;
				IPHONEOS_DEPLOYMENT_TARGET = 10.3;
				MTL_ENABLE_DEBUG_INFO = YES;
				ONLY_ACTIVE_ARCH = YES;
				SDKROOT = iphoneos;
				SWIFT_ACTIVE_COMPILATION_CONDITIONS = DEBUG;
				SWIFT_OPTIMIZATION_LEVEL = "-Onone";
			};
			name = Debug;
		};
		4279F41B1F9609FF00924DAC /* Release */ = {
			isa = XCBuildConfiguration;
			buildSettings = {
				ALWAYS_SEARCH_USER_PATHS = NO;
				CLANG_ANALYZER_NONNULL = YES;
				CLANG_ANALYZER_NUMBER_OBJECT_CONVERSION = YES_AGGRESSIVE;
				CLANG_CXX_LANGUAGE_STANDARD = "gnu++0x";
				CLANG_CXX_LIBRARY = "libc++";
				CLANG_ENABLE_MODULES = YES;
				CLANG_ENABLE_OBJC_ARC = YES;
				CLANG_WARN_BOOL_CONVERSION = YES;
				CLANG_WARN_CONSTANT_CONVERSION = YES;
				CLANG_WARN_DIRECT_OBJC_ISA_USAGE = YES_ERROR;
				CLANG_WARN_DOCUMENTATION_COMMENTS = YES;
				CLANG_WARN_EMPTY_BODY = YES;
				CLANG_WARN_ENUM_CONVERSION = YES;
				CLANG_WARN_INFINITE_RECURSION = YES;
				CLANG_WARN_INT_CONVERSION = YES;
				CLANG_WARN_OBJC_ROOT_CLASS = YES_ERROR;
				CLANG_WARN_SUSPICIOUS_MOVE = YES;
				CLANG_WARN_UNREACHABLE_CODE = YES;
				CLANG_WARN__DUPLICATE_METHOD_MATCH = YES;
				"CODE_SIGN_IDENTITY[sdk=iphoneos*]" = "iPhone Developer";
				COPY_PHASE_STRIP = NO;
				DEBUG_INFORMATION_FORMAT = "dwarf-with-dsym";
				ENABLE_NS_ASSERTIONS = NO;
				ENABLE_STRICT_OBJC_MSGSEND = YES;
				GCC_C_LANGUAGE_STANDARD = gnu99;
				GCC_NO_COMMON_BLOCKS = YES;
				GCC_WARN_64_TO_32_BIT_CONVERSION = YES;
				GCC_WARN_ABOUT_RETURN_TYPE = YES_ERROR;
				GCC_WARN_UNDECLARED_SELECTOR = YES;
				GCC_WARN_UNINITIALIZED_AUTOS = YES_AGGRESSIVE;
				GCC_WARN_UNUSED_FUNCTION = YES;
				GCC_WARN_UNUSED_VARIABLE = YES;
				IPHONEOS_DEPLOYMENT_TARGET = 10.3;
				MTL_ENABLE_DEBUG_INFO = NO;
				SDKROOT = iphoneos;
				SWIFT_OPTIMIZATION_LEVEL = "-Owholemodule";
				VALIDATE_PRODUCT = YES;
			};
			name = Release;
		};
		4279F41D1F9609FF00924DAC /* Debug */ = {
			isa = XCBuildConfiguration;
			buildSettings = {
				ASSETCATALOG_COMPILER_APPICON_NAME = AppIcon;
				DEVELOPMENT_TEAM = NBJ4F67S57;
				INFOPLIST_FILE = "delegate-block/Info.plist";
				IPHONEOS_DEPLOYMENT_TARGET = 8.0;
				LD_RUNPATH_SEARCH_PATHS = "$(inherited) @executable_path/Frameworks";
				PRODUCT_BUNDLE_IDENTIFIER = "com.tang.123.delegate-block";
				PRODUCT_NAME = "$(TARGET_NAME)";
				SWIFT_VERSION = 4.0;
			};
			name = Debug;
		};
		4279F41E1F9609FF00924DAC /* Release */ = {
			isa = XCBuildConfiguration;
			buildSettings = {
				ASSETCATALOG_COMPILER_APPICON_NAME = AppIcon;
				DEVELOPMENT_TEAM = NBJ4F67S57;
				INFOPLIST_FILE = "delegate-block/Info.plist";
				IPHONEOS_DEPLOYMENT_TARGET = 8.0;
				LD_RUNPATH_SEARCH_PATHS = "$(inherited) @executable_path/Frameworks";
				PRODUCT_BUNDLE_IDENTIFIER = "com.tang.123.delegate-block";
				PRODUCT_NAME = "$(TARGET_NAME)";
				SWIFT_VERSION = 4.0;
			};
			name = Release;
		};
/* End XCBuildConfiguration section */

/* Begin XCConfigurationList section */
		4279F4051F9609FF00924DAC /* Build configuration list for PBXProject "delegate-block" */ = {
			isa = XCConfigurationList;
			buildConfigurations = (
				4279F41A1F9609FF00924DAC /* Debug */,
				4279F41B1F9609FF00924DAC /* Release */,
			);
			defaultConfigurationIsVisible = 0;
			defaultConfigurationName = Release;
		};
		4279F41C1F9609FF00924DAC /* Build configuration list for PBXNativeTarget "delegate-block" */ = {
			isa = XCConfigurationList;
			buildConfigurations = (
				4279F41D1F9609FF00924DAC /* Debug */,
				4279F41E1F9609FF00924DAC /* Release */,
			);
			defaultConfigurationIsVisible = 0;
			defaultConfigurationName = Release;
		};
/* End XCConfigurationList section */
	};
	rootObject = 4279F4021F9609FF00924DAC /* Project object */;
}
