// !$*UTF8*$!
{
	archiveVersion = 1;
	classes = {
	};
	objectVersion = 46;
	objects = {

/* Begin PBXBuildFile section */
		4279F40E1F9609FF00924DAC /* AppDelegate.swift in Sources */ = {isa = PBXBuildFile; fileRef = 4279F40D1F9609FF00924DAC /* AppDelegate.swift */; };
		4279F4101F9609FF00924DAC /* ViewController.swift in Sources */ = {isa = PBXBuildFile; fileRef = 4279F40F1F9609FF00924DAC /* ViewController.swift */; };
		4279F4131F9609FF00924DAC /* Main.storyboard in Resources */ = {isa = PBXBuildFile; fileRef = 4279F4111F9609FF00924DAC /* Main.storyboard */; };
		4279F4151F9609FF00924DAC /* Assets.xcassets in Resources */ = {isa = PBXBuildFile; fileRef = 4279F4141F9609FF00924DAC /* Assets.xcassets */; };
		4279F4181F9609FF00924DAC /* LaunchScreen.storyboard in Resources */ = {isa = PBXBuildFile; fileRef = 4279F4161F9609FF00924DAC /* LaunchScreen.storyboard */; };
		4279F4201F960A2900924DAC /* TextViewController.swift in Sources */ = {isa = PBXBuildFile; fileRef = 4279F41F1F960A2900924DAC /* TextViewController.swift */; };
/* End PBXBuildFile section */

/* Begin PBXFileReference section */
		4279F40A1F9609FF00924DAC /* delegate-block.app */ = {isa = PBXFileReference; explicitFileType = wrapper.application; includeInIndex = 0; path = "delegate-block.app"; sourceTree = BUILT_PRODUCTS_DIR; };
		4279F40D1F9609FF00924DAC /* AppDelegate.swift */ = {isa = PBXFileReference; lastKnownFileType = sourcecode.swift; path = AppDelegate.swift; sourceTree = "<group>"; };
		4279F40F1F9609FF00924DAC /* ViewController.swift */ = {isa = PBXFileReference; lastKnownFileType = sourcecode.swift; path = ViewController.swift; sourceTree = "<group>"; };
		4279F4121F9609FF00924DAC /* Base */ = {isa = PBXFileReference; lastKnownFileType = file.storyboard; name = Base; path = Base.lproj/Main.storyboard; sourceTree = "<group>"; };
		4279F4141F9609FF00924DAC /* Assets.xcassets */ = {isa = PBXFileReference; lastKnownFileType = folder.assetcatalog; path = Assets.xcassets; sourceTree = "<group>"; };
		4279F4171F9609FF00924DAC /* Base */ = {isa = PBXFileReference; lastKnownFileType = file.storyboard; name = Base; path = Base.lproj/LaunchScreen.storyboard; sourceTree = "<group>"; };
		4279F4191F9609FF00924DAC /* Info.plist */ = {isa = PBXFileReference; lastKnownFileType = text.plist.xml; path = Info.plist; sourceTree = "<group>"; };
		4279F41F1F960A2900924DAC /* TextViewController.swift */ = {isa = PBXFileReference; fileEncoding = 4; lastKnownFileType = sourcecode.swift; path = TextViewController.swift; sourceTree = "<group>"; };
/* End PBXFileReference section */

/* Begin PBXFrameworksBuildPhase section */
		4279F4071F9609FF00924DAC /* Frameworks */ = {
			isa = PBXFrameworksBuildPhase;
			buildActionMask = 2147483647;
			files = (
			);
			runOnlyForDeploymentPostprocessing = 0;
		};
/* End PBXFrameworksBuildPhase section */

/* Begin PBXGroup section */
		4279F4011F9609FF00924DAC = {
			isa = PBXGroup;
			children = (
				4279F40C1F9609FF00924DAC /* delegate-block */,
				4279F40B1F9609FF00924DAC /* Products */,
			);
			sourceTree = "<group>";
		};
		4279F40B1F9609FF00924DAC /* Products */ = {
			isa = PBXGroup;
			children = (
				4279F40A1F9609FF00924DAC /* delegate-block.app */,
			);
			name = Products;
			sourceTree = "<group>";
		};
		4279F40C1F9609FF00924DAC /* delegate-block */ = {
			isa = PBXGroup;
			children = (
				4279F40D1F9609FF00924DAC /* AppDelegate.swift */,
				4279F40F1F9609FF00924DAC /* ViewController.swift */,
				4279F41F1F960A2900924DAC /* TextViewController.swift */,
				4279F4111F9609FF00924DAC /* Main.storyboard */,
				4279F4141F9609FF00924DAC /* Assets.xcassets */,
				4279F4161F9609FF00924DAC /* LaunchScreen.storyboard */,
				4279F4191F9609FF00924DAC /* Info.plist */,
			);
			path = "delegate-block";
			sourceTree = "<group>";
		};
/* End PBXGroup section */

/* Begin PBXNativeTarget section */
		4279F4091F9609FF00924DAC /* delegate-block */ = {
			isa = PBXNativeTarget;
			buildConfigurationList = 4279F41C1F9609FF00924DAC /* Build configuration list for PBXNativeTarget "delegate-block" */;
			buildPhases = (
				4279F4061F9609FF00924DAC /* Sources */,
				4279F4071F9609FF00924DAC /* Frameworks */,
				4279F4081F9609FF00924DAC /* Resources */,
			);
			buildRules = (
			);
			dependencies = (
			);
			name = "delegate-block";
			productName = "delegate-block";
			productReference = 4279F40A1F9609FF00924DAC /* delegate-block.app */;
			productType = "com.apple.product-type.application";
		};
/* End PBXNativeTarget section */

/* Begin PBXProject section */
		4279F4021F9609FF00924DAC /* Project object */ = {
			isa = PBXProject;
			attributes = {
				LastSwiftUpdateCheck = 0830;
				LastUpgradeCheck = 0830;
				ORGANIZATIONNAME = com.org.shunshiwei;
				TargetAttributes = {
					4279F4091F9609FF00924DAC = {
						CreatedOnToolsVersion = 8.3.2;
						DevelopmentTeam = NBJ4F67S57;
						ProvisioningStyle = Automatic;
					};
				};
			};
			buildConfigurationList = 4279F4051F9609FF00924DAC /* Build configuration list for PBXProject "delegate-block" */;
			compatibilityVersion = "Xcode 3.2";
			developmentRegion = English;
			hasScannedForEncodings = 0;
			knownRegions = (
				en,
				Base,
			);
			mainGroup = 4279F4011F9609FF00924DAC;
			productRefGroup = 4279F40B1F9609FF00924DAC /* Products */;
			projectDirPath = "";
			projectRoot = "";
			targets = (
				4279F4091F9609FF00924DAC /* delegate-block */,
			);
		};
/* End PBXProject section */

/* Begin PBXResourcesBuildPhase section */
		4279F4081F9609FF00924DAC /* Resources */ = {
			isa = PBXResourcesBuildPhase;
			buildActionMask = 2147483647;
			files = (
				4279F4181F9609FF00924DAC /* LaunchScreen.storyboard in Resources */,
				4279F4151F9609FF00924DAC /* Assets.xcassets in Resources */,
				4279F4131F9609FF00924DAC /* Main.storyboard in Resources */,
			);
			runOnlyForDeploymentPostprocessing = 0;
		};
/* End PBXResourcesBuildPhase section */

/* Begin PBXSourcesBuildPhase section */
		4279F4061F9609FF00924DAC /* Sources */ = {
			isa = PBXSourcesBuildPhase;
			buildActionMask = 2147483647;
			files = (
				4279F4101F9609FF00924DAC /* ViewController.swift in Sources */,
				4279F40E1F9609FF00924DAC /* AppDelegate.swift in Sources */,
				4279F4201F960A2900924DAC /* TextViewController.swift in Sources */,
			);
			runOnlyForDeploymentPostprocessing = 0;
		};
/* End PBXSourcesBuildPhase section */

/* Begin PBXVariantGroup section */
		4279F4111F9609FF00924DAC /* Main.storyboard */ = {
			isa = PBXVariantGroup;
			children = (
				4279F4121F9609FF00924DAC /* Base */,
			);
			name = Main.storyboard;
			sourceTree = "<group>";
		};
		4279F4161F9609FF00924DAC /* LaunchScreen.storyboard */ = {
			isa = PBXVariantGroup;
			children = (
				4279F4171F9609FF00924DAC /* Base */,
			);
			name = LaunchScreen.storyboard;
			sourceTree = "<group>";
		};
/* End PBXVariantGroup section */

/* Begin XCBuildConfiguration section */
		4279F41A1F9609FF00924DAC /* Debug */ = {
			isa = XCBuildConfiguration;
			buildSettings = {
				ALWAYS_SEARCH_USER_PATHS = NO;
				CLANG_ANALYZER_NONNULL = YES;
				CLANG_ANALYZER_NUMBER_OBJECT_CONVERSION = YES_AGGRESSIVE;
				CLANG_CXX_LANGUAGE_STANDARD = "gnu++0x";
				CLANG_CXX_LIBRARY = "libc++";
				CLANG_ENABLE_MODULES = YES;
				CLANG_ENABLE_OBJC_ARC = YES;
				CLANG_WARN_BOOL_CONVERSION = YES;
				CLANG_WARN_CONSTANT_CONVERSION = YES;
				CLANG_WARN_DIRECT_OBJC_ISA_USAGE = YES_ERROR;
				CLANG_WARN_DOCUMENTATION_COMMENTS = YES;
				CLANG_WARN_EMPTY_BODY = YES;
				CLANG_WARN_ENUM_CONVERSION = YES;
				CLANG_WARN_INFINITE_RECURSION = YES;
				CLANG_WARN_INT_CONVERSION = YES;
				CLANG_WARN_OBJC_ROOT_CLASS = YES_ERROR;
				CLANG_WARN_SUSPICIOUS_MOVE = YES;
				CLANG_WARN_UNREACHABLE_CODE = YES;
				CLANG_WARN__DUPLICATE_METHOD_MATCH = YES;
				"CODE_SIGN_IDENTITY[sdk=iphoneos*]" = "iPhone Developer";
				COPY_PHASE_STRIP = NO;
				DEBUG_INFORMATION_FORMAT = dwarf;
				ENABLE_STRICT_OBJC_MSGSEND = YES;
				ENABLE_TESTABILITY = YES;
				GCC_C_LANGUAGE_STANDARD = gnu99;
				GCC_DYNAMIC_NO_PIC = NO;
				GCC_NO_COMMON_BLOCKS = YES;
				GCC_OPTIMIZATION_LEVEL = 0;
				GCC_PREPROCESSOR_DEFINITIONS = (
					"DEBUG=1",
					"$(inherited)",
				);
				GCC_WARN_64_TO_32_BIT_CONVERSION = YES;
				GCC_WARN_ABOUT_RETURN_TYPE = YES_ERROR;
				GCC_WARN_UNDECLARED_SELECTOR = YES;
				GCC_WARN_UNINITIALIZED_AUTOS = YES_AGGRESSIVE;
				GCC_WARN_UNUSED_FUNCTION = YES;
				GCC_WARN_UNUSED_VARIABLE = YES;
				IPHONEOS_DEPLOYMENT_TARGET = 10.3;
				MTL_ENABLE_DEBUG_INFO = YES;
				ONLY_ACTIVE_ARCH = YES;
				SDKROOT = iphoneos;
				SWIFT_ACTIVE_COMPILATION_CONDITIONS = DEBUG;
				SWIFT_OPTIMIZATION_LEVEL = "-Onone";
			};
			name = Debug;
		};
		4279F41B1F9609FF00924DAC /* Release */ = {
			isa = XCBuildConfiguration;
			buildSettings = {
				ALWAYS_SEARCH_USER_PATHS = NO;
				CLANG_ANALYZER_NONNULL = YES;
				CLANG_ANALYZER_NUMBER_OBJECT_CONVERSION = YES_AGGRESSIVE;
				CLANG_CXX_LANGUAGE_STANDARD = "gnu++0x";
				CLANG_CXX_LIBRARY = "libc++";
				CLANG_ENABLE_MODULES = YES;
				CLANG_ENABLE_OBJC_ARC = YES;
				CLANG_WARN_BOOL_CONVERSION = YES;
				CLANG_WARN_CONSTANT_CONVERSION = YES;
				CLANG_WARN_DIRECT_OBJC_ISA_USAGE = YES_ERROR;
				CLANG_WARN_DOCUMENTATION_COMMENTS = YES;
				CLANG_WARN_EMPTY_BODY = YES;
				CLANG_WARN_ENUM_CONVERSION = YES;
				CLANG_WARN_INFINITE_RECURSION = YES;
				CLANG_WARN_INT_CONVERSION = YES;
				CLANG_WARN_OBJC_ROOT_CLASS = YES_ERROR;
				CLANG_WARN_SUSPICIOUS_MOVE = YES;
				CLANG_WARN_UNREACHABLE_CODE = YES;
				CLANG_WARN__DUPLICATE_METHOD_MATCH = YES;
				"CODE_SIGN_IDENTITY[sdk=iphoneos*]" = "iPhone Developer";
				COPY_PHASE_STRIP = NO;
				DEBUG_INFORMATION_FORMAT = "dwarf-with-dsym";
				ENABLE_NS_ASSERTIONS = NO;
				ENABLE_STRICT_OBJC_MSGSEND = YES;
				GCC_C_LANGUAGE_STANDARD = gnu99;
				GCC_NO_COMMON_BLOCKS = YES;
				GCC_WARN_64_TO_32_BIT_CONVERSION = YES;
				GCC_WARN_ABOUT_RETURN_TYPE = YES_ERROR;
				GCC_WARN_UNDECLARED_SELECTOR = YES;
				GCC_WARN_UNINITIALIZED_AUTOS = YES_AGGRESSIVE;
				GCC_WARN_UNUSED_FUNCTION = YES;
				GCC_WARN_UNUSED_VARIABLE = YES;
				IPHONEOS_DEPLOYMENT_TARGET = 10.3;
				MTL_ENABLE_DEBUG_INFO = NO;
				SDKROOT = iphoneos;
				SWIFT_OPTIMIZATION_LEVEL = "-Owholemodule";
				VALIDATE_PRODUCT = YES;
			};
			name = Release;
		};
		4279F41D1F9609FF00924DAC /* Debug */ = {
			isa = XCBuildConfiguration;
			buildSettings = {
				ASSETCATALOG_COMPILER_APPICON_NAME = AppIcon;
				DEVELOPMENT_TEAM = NBJ4F67S57;
				INFOPLIST_FILE = "delegate-block/Info.plist";
				IPHONEOS_DEPLOYMENT_TARGET = 8.0;
				LD_RUNPATH_SEARCH_PATHS = "$(inherited) @executable_path/Frameworks";
				PRODUCT_BUNDLE_IDENTIFIER = "com.tang.123.delegate-block";
				PRODUCT_NAME = "$(TARGET_NAME)";
				SWIFT_VERSION = 3.0;
			};
			name = Debug;
		};
		4279F41E1F9609FF00924DAC /* Release */ = {
			isa = XCBuildConfiguration;
			buildSettings = {
				ASSETCATALOG_COMPILER_APPICON_NAME = AppIcon;
				DEVELOPMENT_TEAM = NBJ4F67S57;
				INFOPLIST_FILE = "delegate-block/Info.plist";
				IPHONEOS_DEPLOYMENT_TARGET = 8.0;
				LD_RUNPATH_SEARCH_PATHS = "$(inherited) @executable_path/Frameworks";
				PRODUCT_BUNDLE_IDENTIFIER = "com.tang.123.delegate-block";
				PRODUCT_NAME = "$(TARGET_NAME)";
				SWIFT_VERSION = 3.0;
			};
			name = Release;
		};
/* End XCBuildConfiguration section */

/* Begin XCConfigurationList section */
		4279F4051F9609FF00924DAC /* Build configuration list for PBXProject "delegate-block" */ = {
			isa = XCConfigurationList;
			buildConfigurations = (
				4279F41A1F9609FF00924DAC /* Debug */,
				4279F41B1F9609FF00924DAC /* Release */,
			);
			defaultConfigurationIsVisible = 0;
			defaultConfigurationName = Release;
		};
		4279F41C1F9609FF00924DAC /* Build configuration list for PBXNativeTarget "delegate-block" */ = {
			isa = XCConfigurationList;
			buildConfigurations = (
				4279F41D1F9609FF00924DAC /* Debug */,
				4279F41E1F9609FF00924DAC /* Release */,
			);
			defaultConfigurationIsVisible = 0;
			defaultConfigurationName = Release;
		};
/* End XCConfigurationList section */
	};
	rootObject = 4279F4021F9609FF00924DAC /* Project object */;
}
